// !$*UTF8*$!
{
	archiveVersion = 1;
	classes = {};
	objectVersion = 56;
	objects = {

/* Begin PBXBuildFile section */
		A00000000000000000000101 /* SkyreaderApp.swift in Sources */ = {isa = PBXBuildFile; fileRef = A00000000000000000000201 /* SkyreaderApp.swift */; };
		A00000000000000000000102 /* SafariWebExtensionHandler.swift in Sources */ = {isa = PBXBuildFile; fileRef = A00000000000000000000202 /* SafariWebExtensionHandler.swift */; };
		A00000000000000000000103 /* Skyreader Extension.appex in Embed App Extensions */ = {isa = PBXBuildFile; fileRef = A00000000000000000000302 /* Skyreader Extension.appex */; settings = {ATTRIBUTES = (RemoveHeadersOnCopy, ); }; };
/* End PBXBuildFile section */

/* Begin PBXContainerItemProxy section */
		A00000000000000000000401 = {isa = PBXContainerItemProxy; containerPortal = A00000000000000000000001 /* Project object */; proxyType = 1; remoteGlobalIDString = A00000000000000000000011; remoteInfo = "Skyreader Extension"; };
/* End PBXContainerItemProxy section */

/* Begin PBXCopyFilesBuildPhase section */
		A00000000000000000000501 /* Embed App Extensions */ = {isa = PBXCopyFilesBuildPhase; buildActionMask = 2147483647; dstPath = ""; dstSubfolderSpec = 13; files = (A00000000000000000000103 /* Skyreader Extension.appex in Embed App Extensions */, ); name = "Embed App Extensions"; runOnlyForDeploymentPostprocessing = 0; };
/* End PBXCopyFilesBuildPhase section */

/* Begin PBXFileReference section */
		A00000000000000000000201 /* SkyreaderApp.swift */ = {isa = PBXFileReference; lastKnownFileType = sourcecode.swift; path = SkyreaderApp.swift; sourceTree = "<group>"; };
		A00000000000000000000202 /* SafariWebExtensionHandler.swift */ = {isa = PBXFileReference; lastKnownFileType = sourcecode.swift; path = SafariWebExtensionHandler.swift; sourceTree = "<group>"; };
		A00000000000000000000203 /* Info.plist */ = {isa = PBXFileReference; lastKnownFileType = text.plist.xml; path = Info.plist; sourceTree = "<group>"; };
		A00000000000000000000204 /* Info.plist */ = {isa = PBXFileReference; lastKnownFileType = text.plist.xml; path = Info.plist; sourceTree = "<group>"; };
		A00000000000000000000301 /* Skyreader.app */ = {isa = PBXFileReference; explicitFileType = wrapper.application; includeInIndex = 0; path = Skyreader.app; sourceTree = BUILT_PRODUCTS_DIR; };
		A00000000000000000000302 /* Skyreader Extension.appex */ = {isa = PBXFileReference; explicitFileType = "wrapper.app-extension"; includeInIndex = 0; path = "Skyreader Extension.appex"; sourceTree = BUILT_PRODUCTS_DIR; };
/* End PBXFileReference section */

/* Begin PBXFrameworksBuildPhase section */
		A00000000000000000000601 = {isa = PBXFrameworksBuildPhase; buildActionMask = 2147483647; files = (); runOnlyForDeploymentPostprocessing = 0; };
		A00000000000000000000602 = {isa = PBXFrameworksBuildPhase; buildActionMask = 2147483647; files = (); runOnlyForDeploymentPostprocessing = 0; };
/* End PBXFrameworksBuildPhase section */

/* Begin PBXGroup section */
		A00000000000000000000700 = {isa = PBXGroup; children = (A00000000000000000000701 /* Shared */, A00000000000000000000702 /* Extension */, A00000000000000000000703 /* Products */, ); sourceTree = "<group>"; };
		A00000000000000000000701 /* Shared */ = {isa = PBXGroup; children = (A00000000000000000000201 /* SkyreaderApp.swift */, A00000000000000000000203 /* Info.plist */, ); path = Shared; sourceTree = "<group>"; };
		A00000000000000000000702 /* Extension */ = {isa = PBXGroup; children = (A00000000000000000000202 /* SafariWebExtensionHandler.swift */, A00000000000000000000204 /* Info.plist */, ); path = Extension; sourceTree = "<group>"; };
		A00000000000000000000703 /* Products */ = {isa = PBXGroup; children = (A00000000000000000000301 /* Skyreader.app */, A00000000000000000000302 /* Skyreader Extension.appex */, ); name = Products; sourceTree = "<group>"; };
/* End PBXGroup section */

/* Begin PBXNativeTarget section */
		A00000000000000000000010 /* Skyreader */ = {isa = PBXNativeTarget; buildConfigurationList = A00000000000000000000810; buildPhases = (A00000000000000000000901 /* Sources */, A00000000000000000000601 /* Frameworks */, A00000000000000000000501 /* Embed App Extensions */, ); buildRules = (); dependencies = (A00000000000000000000402 /* PBXTargetDependency */, ); name = Skyreader; productName = Skyreader; productReference = A00000000000000000000301 /* Skyreader.app */; productType = "com.apple.product-type.application"; };
		A00000000000000000000011 /* Skyreader Extension */ = {isa = PBXNativeTarget; buildConfigurationList = A00000000000000000000811; buildPhases = (A00000000000000000000902 /* Sources */, A00000000000000000000602 /* Frameworks */, A00000000000000000000903 /* Package Safari Web Extension */, ); buildRules = (); dependencies = (); name = "Skyreader Extension"; productName = "Skyreader Extension"; productReference = A00000000000000000000302 /* Skyreader Extension.appex */; productType = "com.apple.product-type.app-extension"; };
/* End PBXNativeTarget section */

/* Begin PBXProject section */
		A00000000000000000000001 /* Project object */ = {isa = PBXProject; attributes = {BuildIndependentTargetsInParallel = 1; LastSwiftUpdateCheck = 1600; LastUpgradeCheck = 1600; TargetAttributes = {A00000000000000000000010 = {CreatedOnToolsVersion = 16.0; }; A00000000000000000000011 = {CreatedOnToolsVersion = 16.0; }; }; }; buildConfigurationList = A00000000000000000000800; compatibilityVersion = "Xcode 14.0"; developmentRegion = en; hasScannedForEncodings = 0; knownRegions = (en, Base, ); mainGroup = A00000000000000000000700; productRefGroup = A00000000000000000000703 /* Products */; projectDirPath = ""; projectRoot = ""; targets = (A00000000000000000000010 /* Skyreader */, A00000000000000000000011 /* Skyreader Extension */, ); };
/* End PBXProject section */

/* Begin PBXShellScriptBuildPhase section */
		A00000000000000000000903 /* Package Safari Web Extension */ = {isa = PBXShellScriptBuildPhase; alwaysOutOfDate = 1; buildActionMask = 2147483647; files = (); inputPaths = (); name = "Package Safari Web Extension"; outputPaths = (); runOnlyForDeploymentPostprocessing = 0; shellPath = /bin/sh; shellScript = "set -eu\nEXTENSION_ROOT=\"$SRCROOT/..\"\ncd \"$EXTENSION_ROOT\"\nMANIFEST_VERSION=$(/usr/bin/sed -n 's/.*\"version\"[[:space:]]*:[[:space:]]*\"\\([^\"]*\\)\".*/\\1/p' manifest.json | /usr/bin/head -1)\nif [ \"$MANIFEST_VERSION\" != \"$MARKETING_VERSION\" ]; then\n  echo \"error: manifest version $MANIFEST_VERSION does not match Xcode Marketing Version $MARKETING_VERSION\"\n  exit 1\nfi\n/usr/bin/env npm run package:safari\nDESTINATION=\"$TARGET_BUILD_DIR/$UNLOCALIZED_RESOURCES_FOLDER_PATH\"\n/usr/bin/rsync -a --delete --exclude Info.plist \"$EXTENSION_ROOT/dist/safari/\" \"$DESTINATION/\"\n"; };
/* End PBXShellScriptBuildPhase section */

/* Begin PBXSourcesBuildPhase section */
		A00000000000000000000901 /* Sources */ = {isa = PBXSourcesBuildPhase; buildActionMask = 2147483647; files = (A00000000000000000000101 /* SkyreaderApp.swift in Sources */, ); runOnlyForDeploymentPostprocessing = 0; };
		A00000000000000000000902 /* Sources */ = {isa = PBXSourcesBuildPhase; buildActionMask = 2147483647; files = (A00000000000000000000102 /* SafariWebExtensionHandler.swift in Sources */, ); runOnlyForDeploymentPostprocessing = 0; };
/* End PBXSourcesBuildPhase section */

/* Begin PBXTargetDependency section */
		A00000000000000000000402 /* PBXTargetDependency */ = {isa = PBXTargetDependency; target = A00000000000000000000011 /* Skyreader Extension */; targetProxy = A00000000000000000000401; };
/* End PBXTargetDependency section */

/* Begin XCBuildConfiguration section */
		A00000000000000000000A01 = {isa = XCBuildConfiguration; buildSettings = {ALWAYS_SEARCH_USER_PATHS = NO; CLANG_ENABLE_MODULES = YES; CODE_SIGN_STYLE = Automatic; CURRENT_PROJECT_VERSION = 1; DEVELOPMENT_TEAM = ""; GENERATE_INFOPLIST_FILE = NO; INFOPLIST_FILE = Shared/Info.plist; MACOSX_DEPLOYMENT_TARGET = 13.3; MARKETING_VERSION = 0.2.0; PRODUCT_BUNDLE_IDENTIFIER = app.skyreader.extension; PRODUCT_NAME = "$(TARGET_NAME)"; SDKROOT = macosx; SWIFT_VERSION = 5.0; }; name = Debug; };
		A00000000000000000000A02 = {isa = XCBuildConfiguration; buildSettings = {ALWAYS_SEARCH_USER_PATHS = NO; CLANG_ENABLE_MODULES = YES; CODE_SIGN_STYLE = Automatic; CURRENT_PROJECT_VERSION = 1; DEVELOPMENT_TEAM = ""; GENERATE_INFOPLIST_FILE = NO; INFOPLIST_FILE = Shared/Info.plist; MACOSX_DEPLOYMENT_TARGET = 13.3; MARKETING_VERSION = 0.2.0; PRODUCT_BUNDLE_IDENTIFIER = app.skyreader.extension; PRODUCT_NAME = "$(TARGET_NAME)"; SDKROOT = macosx; SWIFT_COMPILATION_MODE = wholemodule; SWIFT_VERSION = 5.0; }; name = Release; };
		A00000000000000000000A03 = {isa = XCBuildConfiguration; buildSettings = {APPLICATION_EXTENSION_API_ONLY = YES; CODE_SIGN_STYLE = Automatic; CURRENT_PROJECT_VERSION = 1; DEVELOPMENT_TEAM = ""; GENERATE_INFOPLIST_FILE = NO; INFOPLIST_FILE = Extension/Info.plist; MACOSX_DEPLOYMENT_TARGET = 13.3; MARKETING_VERSION = 0.2.0; PRODUCT_BUNDLE_IDENTIFIER = app.skyreader.extension.Extension; PRODUCT_NAME = "$(TARGET_NAME)"; SDKROOT = macosx; SKIP_INSTALL = YES; SWIFT_VERSION = 5.0; }; name = Debug; };
		A00000000000000000000A04 = {isa = XCBuildConfiguration; buildSettings = {APPLICATION_EXTENSION_API_ONLY = YES; CODE_SIGN_STYLE = Automatic; CURRENT_PROJECT_VERSION = 1; DEVELOPMENT_TEAM = ""; GENERATE_INFOPLIST_FILE = NO; INFOPLIST_FILE = Extension/Info.plist; MACOSX_DEPLOYMENT_TARGET = 13.3; MARKETING_VERSION = 0.2.0; PRODUCT_BUNDLE_IDENTIFIER = app.skyreader.extension.Extension; PRODUCT_NAME = "$(TARGET_NAME)"; SDKROOT = macosx; SKIP_INSTALL = YES; SWIFT_COMPILATION_MODE = wholemodule; SWIFT_VERSION = 5.0; }; name = Release; };
		A00000000000000000000A05 = {isa = XCBuildConfiguration; buildSettings = {}; name = Debug; };
		A00000000000000000000A06 = {isa = XCBuildConfiguration; buildSettings = {}; name = Release; };
/* End XCBuildConfiguration section */

/* Begin XCConfigurationList section */
		A00000000000000000000800 = {isa = XCConfigurationList; buildConfigurations = (A00000000000000000000A05 /* Debug */, A00000000000000000000A06 /* Release */, ); defaultConfigurationIsVisible = 0; defaultConfigurationName = Release; };
		A00000000000000000000810 = {isa = XCConfigurationList; buildConfigurations = (A00000000000000000000A01 /* Debug */, A00000000000000000000A02 /* Release */, ); defaultConfigurationIsVisible = 0; defaultConfigurationName = Release; };
		A00000000000000000000811 = {isa = XCConfigurationList; buildConfigurations = (A00000000000000000000A03 /* Debug */, A00000000000000000000A04 /* Release */, ); defaultConfigurationIsVisible = 0; defaultConfigurationName = Release; };
/* End XCConfigurationList section */
	};
	rootObject = A00000000000000000000001 /* Project object */;
}
